
Microsoft Visual Studio Solution File, Format Version 12.00
# Visual Studio Version 17
VisualStudioVersion = 17.4.33103.184
MinimumVisualStudioVersion = 10.0.40219.1
Project("{FAE04EC0-301F-11D3-BF4B-00C04F79EFBC}") = "method1", "method1\method1.csproj", "{C1D5E3E5-5202-404D-8266-0C396BBE9E52}"
EndProject
Global
	GlobalSection(SolutionConfigurationPlatforms) = preSolution
		Debug|Any CPU = Debug|Any CPU
		Release|Any CPU = Release|Any CPU
	EndGlobalSection
	GlobalSection(ProjectConfigurationPlatforms) = postSolution
		{C1D5E3E5-5202-404D-8266-0C396BBE9E52}.Debug|Any CPU.ActiveCfg = Debug|Any CPU
		{C1D5E3E5-5202-404D-8266-0C396BBE9E52}.Debug|Any CPU.Build.0 = Debug|Any CPU
		{C1D5E3E5-5202-404D-8266-0C396BBE9E52}.Release|Any CPU.ActiveCfg = Release|Any CPU
		{C1D5E3E5-5202-404D-8266-0C396BBE9E52}.Release|Any CPU.Build.0 = Release|Any CPU
	EndGlobalSection
	GlobalSection(SolutionProperties) = preSolution
		HideSolutionNode = FALSE
	EndGlobalSection
	GlobalSection(ExtensibilityGlobals) = postSolution
		SolutionGuid = {C8600A00-EB15-43EE-AC17-DE40AD52520E}
	EndGlobalSection
EndGlobal
